// !$*UTF8*$!
{
	archiveVersion = 1;
	classes = {
	};
	objectVersion = 51;
	objects = {

/* Begin PBXBuildFile section */
		3C7D9A5C7AA68001D25F02B6 /* Pods_SimpleWeather.framework in Frameworks */ = {isa = PBXBuildFile; fileRef = FEFFBC8E5CB915F1972B5D91 /* Pods_SimpleWeather.framework */; };
		427564A8243C844B0084DB39 /* AppDelegate.swift in Sources */ = {isa = PBXBuildFile; fileRef = 427564A7243C844B0084DB39 /* AppDelegate.swift */; };
		427564AA243C844B0084DB39 /* SceneDelegate.swift in Sources */ = {isa = PBXBuildFile; fileRef = 427564A9243C844B0084DB39 /* SceneDelegate.swift */; };
		427564B1243C844D0084DB39 /* Assets.xcassets in Resources */ = {isa = PBXBuildFile; fileRef = 427564B0243C844D0084DB39 /* Assets.xcassets */; };
		427564B4243C844D0084DB39 /* LaunchScreen.storyboard in Resources */ = {isa = PBXBuildFile; fileRef = 427564B2243C844D0084DB39 /* LaunchScreen.storyboard */; };
		427564BF243C844E0084DB39 /* SimpleWeatherTests.swift in Sources */ = {isa = PBXBuildFile; fileRef = 427564BE243C844E0084DB39 /* SimpleWeatherTests.swift */; };
		427564C9243CD6310084DB39 /* SWViewController.swift in Sources */ = {isa = PBXBuildFile; fileRef = 427564AB243C844B0084DB39 /* SWViewController.swift */; };
		427564CE243CEE880084DB39 /* SWViewControllerCollectionViewCell.swift in Sources */ = {isa = PBXBuildFile; fileRef = 427564CD243CEE880084DB39 /* SWViewControllerCollectionViewCell.swift */; };
		B368ADB18A70BBFE1DC15637 /* Pods_SimpleWeatherTests.framework in Frameworks */ = {isa = PBXBuildFile; fileRef = 9945AEFE2D6AF56509E5558A /* Pods_SimpleWeatherTests.framework */; };
/* End PBXBuildFile section */

/* Begin PBXContainerItemProxy section */
		427564BB243C844E0084DB39 /* PBXContainerItemProxy */ = {
			isa = PBXContainerItemProxy;
			containerPortal = 4275649C243C844B0084DB39 /* Project object */;
			proxyType = 1;
			remoteGlobalIDString = 427564A3243C844B0084DB39;
			remoteInfo = SimpleWeather;
		};
/* End PBXContainerItemProxy section */

/* Begin PBXFileReference section */
		12C7A8F4BC2464D68F1B15A8 /* Pods-SimpleWeatherTests.release.xcconfig */ = {isa = PBXFileReference; includeInIndex = 1; lastKnownFileType = text.xcconfig; name = "Pods-SimpleWeatherTests.release.xcconfig"; path = "Target Support Files/Pods-SimpleWeatherTests/Pods-SimpleWeatherTests.release.xcconfig"; sourceTree = "<group>"; };
		427564A4243C844B0084DB39 /* SimpleWeather.app */ = {isa = PBXFileReference; explicitFileType = wrapper.application; includeInIndex = 0; path = SimpleWeather.app; sourceTree = BUILT_PRODUCTS_DIR; };
		427564A7243C844B0084DB39 /* AppDelegate.swift */ = {isa = PBXFileReference; lastKnownFileType = sourcecode.swift; path = AppDelegate.swift; sourceTree = "<group>"; };
		427564A9243C844B0084DB39 /* SceneDelegate.swift */ = {isa = PBXFileReference; lastKnownFileType = sourcecode.swift; path = SceneDelegate.swift; sourceTree = "<group>"; };
		427564AB243C844B0084DB39 /* SWViewController.swift */ = {isa = PBXFileReference; lastKnownFileType = sourcecode.swift; path = SWViewController.swift; sourceTree = "<group>"; };
		427564B0243C844D0084DB39 /* Assets.xcassets */ = {isa = PBXFileReference; lastKnownFileType = folder.assetcatalog; path = Assets.xcassets; sourceTree = "<group>"; };
		427564B3243C844D0084DB39 /* Base */ = {isa = PBXFileReference; lastKnownFileType = file.storyboard; name = Base; path = Base.lproj/LaunchScreen.storyboard; sourceTree = "<group>"; };
		427564B5243C844D0084DB39 /* Info.plist */ = {isa = PBXFileReference; lastKnownFileType = text.plist.xml; path = Info.plist; sourceTree = "<group>"; };
		427564BA243C844E0084DB39 /* SimpleWeatherTests.xctest */ = {isa = PBXFileReference; explicitFileType = wrapper.cfbundle; includeInIndex = 0; path = SimpleWeatherTests.xctest; sourceTree = BUILT_PRODUCTS_DIR; };
		427564BE243C844E0084DB39 /* SimpleWeatherTests.swift */ = {isa = PBXFileReference; lastKnownFileType = sourcecode.swift; path = SimpleWeatherTests.swift; sourceTree = "<group>"; };
		427564C0243C844E0084DB39 /* Info.plist */ = {isa = PBXFileReference; lastKnownFileType = text.plist.xml; path = Info.plist; sourceTree = "<group>"; };
		427564CD243CEE880084DB39 /* SWViewControllerCollectionViewCell.swift */ = {isa = PBXFileReference; lastKnownFileType = sourcecode.swift; path = SWViewControllerCollectionViewCell.swift; sourceTree = "<group>"; };
		9945AEFE2D6AF56509E5558A /* Pods_SimpleWeatherTests.framework */ = {isa = PBXFileReference; explicitFileType = wrapper.framework; includeInIndex = 0; path = Pods_SimpleWeatherTests.framework; sourceTree = BUILT_PRODUCTS_DIR; };
		C34AC465428C5298255BC54A /* Pods-SimpleWeatherTests.debug.xcconfig */ = {isa = PBXFileReference; includeInIndex = 1; lastKnownFileType = text.xcconfig; name = "Pods-SimpleWeatherTests.debug.xcconfig"; path = "Target Support Files/Pods-SimpleWeatherTests/Pods-SimpleWeatherTests.debug.xcconfig"; sourceTree = "<group>"; };
		D87BC3232ADAE328A383C741 /* Pods-SimpleWeather.release.xcconfig */ = {isa = PBXFileReference; includeInIndex = 1; lastKnownFileType = text.xcconfig; name = "Pods-SimpleWeather.release.xcconfig"; path = "Target Support Files/Pods-SimpleWeather/Pods-SimpleWeather.release.xcconfig"; sourceTree = "<group>"; };
		EE5F67B9C9C0D44AA498720E /* Pods-SimpleWeather.debug.xcconfig */ = {isa = PBXFileReference; includeInIndex = 1; lastKnownFileType = text.xcconfig; name = "Pods-SimpleWeather.debug.xcconfig"; path = "Target Support Files/Pods-SimpleWeather/Pods-SimpleWeather.debug.xcconfig"; sourceTree = "<group>"; };
		FEFFBC8E5CB915F1972B5D91 /* Pods_SimpleWeather.framework */ = {isa = PBXFileReference; explicitFileType = wrapper.framework; includeInIndex = 0; path = Pods_SimpleWeather.framework; sourceTree = BUILT_PRODUCTS_DIR; };
/* End PBXFileReference section */

/* Begin PBXFrameworksBuildPhase section */
		427564A1243C844B0084DB39 /* Frameworks */ = {
			isa = PBXFrameworksBuildPhase;
			buildActionMask = 2147483647;
			files = (
				3C7D9A5C7AA68001D25F02B6 /* Pods_SimpleWeather.framework in Frameworks */,
			);
			runOnlyForDeploymentPostprocessing = 0;
		};
		427564B7243C844E0084DB39 /* Frameworks */ = {
			isa = PBXFrameworksBuildPhase;
			buildActionMask = 2147483647;
			files = (
				B368ADB18A70BBFE1DC15637 /* Pods_SimpleWeatherTests.framework in Frameworks */,
			);
			runOnlyForDeploymentPostprocessing = 0;
		};
/* End PBXFrameworksBuildPhase section */

/* Begin PBXGroup section */
		4275649B243C844B0084DB39 = {
			isa = PBXGroup;
			children = (
				427564A6243C844B0084DB39 /* SimpleWeather */,
				427564BD243C844E0084DB39 /* SimpleWeatherTests */,
				427564A5243C844B0084DB39 /* Products */,
				FC9EA780B2021C876CF95627 /* Pods */,
				E2A08144B4279279EF750350 /* Frameworks */,
			);
			sourceTree = "<group>";
		};
		427564A5243C844B0084DB39 /* Products */ = {
			isa = PBXGroup;
			children = (
				427564A4243C844B0084DB39 /* SimpleWeather.app */,
				427564BA243C844E0084DB39 /* SimpleWeatherTests.xctest */,
			);
			name = Products;
			sourceTree = "<group>";
		};
		427564A6243C844B0084DB39 /* SimpleWeather */ = {
			isa = PBXGroup;
			children = (
				427564CC243CEE5A0084DB39 /* Views */,
				427564A7243C844B0084DB39 /* AppDelegate.swift */,
				427564A9243C844B0084DB39 /* SceneDelegate.swift */,
				427564B0243C844D0084DB39 /* Assets.xcassets */,
				427564B2243C844D0084DB39 /* LaunchScreen.storyboard */,
				427564B5243C844D0084DB39 /* Info.plist */,
			);
			path = SimpleWeather;
			sourceTree = "<group>";
		};
		427564BD243C844E0084DB39 /* SimpleWeatherTests */ = {
			isa = PBXGroup;
			children = (
				427564BE243C844E0084DB39 /* SimpleWeatherTests.swift */,
				427564C0243C844E0084DB39 /* Info.plist */,
			);
			path = SimpleWeatherTests;
			sourceTree = "<group>";
		};
		427564CC243CEE5A0084DB39 /* Views */ = {
			isa = PBXGroup;
			children = (
				427564AB243C844B0084DB39 /* SWViewController.swift */,
				427564CD243CEE880084DB39 /* SWViewControllerCollectionViewCell.swift */,
			);
			path = Views;
			sourceTree = "<group>";
		};
		E2A08144B4279279EF750350 /* Frameworks */ = {
			isa = PBXGroup;
			children = (
				FEFFBC8E5CB915F1972B5D91 /* Pods_SimpleWeather.framework */,
				9945AEFE2D6AF56509E5558A /* Pods_SimpleWeatherTests.framework */,
			);
			name = Frameworks;
			sourceTree = "<group>";
		};
		FC9EA780B2021C876CF95627 /* Pods */ = {
			isa = PBXGroup;
			children = (
				EE5F67B9C9C0D44AA498720E /* Pods-SimpleWeather.debug.xcconfig */,
				D87BC3232ADAE328A383C741 /* Pods-SimpleWeather.release.xcconfig */,
				C34AC465428C5298255BC54A /* Pods-SimpleWeatherTests.debug.xcconfig */,
				12C7A8F4BC2464D68F1B15A8 /* Pods-SimpleWeatherTests.release.xcconfig */,
			);
			path = Pods;
			sourceTree = "<group>";
		};
/* End PBXGroup section */

/* Begin PBXNativeTarget section */
		427564A3243C844B0084DB39 /* SimpleWeather */ = {
			isa = PBXNativeTarget;
			buildConfigurationList = 427564C3243C844E0084DB39 /* Build configuration list for PBXNativeTarget "SimpleWeather" */;
			buildPhases = (
				2634772E5B7031643426AD0C /* [CP] Check Pods Manifest.lock */,
				427564A0243C844B0084DB39 /* Sources */,
				427564A1243C844B0084DB39 /* Frameworks */,
				427564A2243C844B0084DB39 /* Resources */,
				827F1CCA570C7C6B038BA8E8 /* [CP] Embed Pods Frameworks */,
				427564CA243CEBE20084DB39 /* Swiftlint Run Script */,
				427564CB243CEBFC0084DB39 /* Bump Up Build Number Script */,
			);
			buildRules = (
			);
			dependencies = (
			);
			name = SimpleWeather;
			productName = SimpleWeather;
			productReference = 427564A4243C844B0084DB39 /* SimpleWeather.app */;
			productType = "com.apple.product-type.application";
		};
		427564B9243C844E0084DB39 /* SimpleWeatherTests */ = {
			isa = PBXNativeTarget;
			buildConfigurationList = 427564C6243C844E0084DB39 /* Build configuration list for PBXNativeTarget "SimpleWeatherTests" */;
			buildPhases = (
				06CBAA5213266FDEAE2EB78D /* [CP] Check Pods Manifest.lock */,
				427564B6243C844E0084DB39 /* Sources */,
				427564B7243C844E0084DB39 /* Frameworks */,
				427564B8243C844E0084DB39 /* Resources */,
			);
			buildRules = (
			);
			dependencies = (
				427564BC243C844E0084DB39 /* PBXTargetDependency */,
			);
			name = SimpleWeatherTests;
			productName = SimpleWeatherTests;
			productReference = 427564BA243C844E0084DB39 /* SimpleWeatherTests.xctest */;
			productType = "com.apple.product-type.bundle.unit-test";
		};
/* End PBXNativeTarget section */

/* Begin PBXProject section */
		4275649C243C844B0084DB39 /* Project object */ = {
			isa = PBXProject;
			attributes = {
				LastSwiftUpdateCheck = 1130;
				LastUpgradeCheck = 1130;
				ORGANIZATIONNAME = luthfifr;
				TargetAttributes = {
					427564A3243C844B0084DB39 = {
						CreatedOnToolsVersion = 11.3.1;
					};
					427564B9243C844E0084DB39 = {
						CreatedOnToolsVersion = 11.3.1;
						TestTargetID = 427564A3243C844B0084DB39;
					};
				};
			};
			buildConfigurationList = 4275649F243C844B0084DB39 /* Build configuration list for PBXProject "SimpleWeather" */;
			compatibilityVersion = "Xcode 9.3";
			developmentRegion = en;
			hasScannedForEncodings = 0;
			knownRegions = (
				en,
				Base,
			);
			mainGroup = 4275649B243C844B0084DB39;
			productRefGroup = 427564A5243C844B0084DB39 /* Products */;
			projectDirPath = "";
			projectRoot = "";
			targets = (
				427564A3243C844B0084DB39 /* SimpleWeather */,
				427564B9243C844E0084DB39 /* SimpleWeatherTests */,
			);
		};
/* End PBXProject section */

/* Begin PBXResourcesBuildPhase section */
		427564A2243C844B0084DB39 /* Resources */ = {
			isa = PBXResourcesBuildPhase;
			buildActionMask = 2147483647;
			files = (
				427564B4243C844D0084DB39 /* LaunchScreen.storyboard in Resources */,
				427564B1243C844D0084DB39 /* Assets.xcassets in Resources */,
			);
			runOnlyForDeploymentPostprocessing = 0;
		};
		427564B8243C844E0084DB39 /* Resources */ = {
			isa = PBXResourcesBuildPhase;
			buildActionMask = 2147483647;
			files = (
			);
			runOnlyForDeploymentPostprocessing = 0;
		};
/* End PBXResourcesBuildPhase section */

/* Begin PBXShellScriptBuildPhase section */
		06CBAA5213266FDEAE2EB78D /* [CP] Check Pods Manifest.lock */ = {
			isa = PBXShellScriptBuildPhase;
			buildActionMask = 2147483647;
			files = (
			);
			inputFileListPaths = (
			);
			inputPaths = (
				"${PODS_PODFILE_DIR_PATH}/Podfile.lock",
				"${PODS_ROOT}/Manifest.lock",
			);
			name = "[CP] Check Pods Manifest.lock";
			outputFileListPaths = (
			);
			outputPaths = (
				"$(DERIVED_FILE_DIR)/Pods-SimpleWeatherTests-checkManifestLockResult.txt",
			);
			runOnlyForDeploymentPostprocessing = 0;
			shellPath = /bin/sh;
			shellScript = "diff \"${PODS_PODFILE_DIR_PATH}/Podfile.lock\" \"${PODS_ROOT}/Manifest.lock\" > /dev/null\nif [ $? != 0 ] ; then\n    # print error to STDERR\n    echo \"error: The sandbox is not in sync with the Podfile.lock. Run 'pod install' or update your CocoaPods installation.\" >&2\n    exit 1\nfi\n# This output is used by Xcode 'outputs' to avoid re-running this script phase.\necho \"SUCCESS\" > \"${SCRIPT_OUTPUT_FILE_0}\"\n";
			showEnvVarsInLog = 0;
		};
		2634772E5B7031643426AD0C /* [CP] Check Pods Manifest.lock */ = {
			isa = PBXShellScriptBuildPhase;
			buildActionMask = 2147483647;
			files = (
			);
			inputFileListPaths = (
			);
			inputPaths = (
				"${PODS_PODFILE_DIR_PATH}/Podfile.lock",
				"${PODS_ROOT}/Manifest.lock",
			);
			name = "[CP] Check Pods Manifest.lock";
			outputFileListPaths = (
			);
			outputPaths = (
				"$(DERIVED_FILE_DIR)/Pods-SimpleWeather-checkManifestLockResult.txt",
			);
			runOnlyForDeploymentPostprocessing = 0;
			shellPath = /bin/sh;
			shellScript = "diff \"${PODS_PODFILE_DIR_PATH}/Podfile.lock\" \"${PODS_ROOT}/Manifest.lock\" > /dev/null\nif [ $? != 0 ] ; then\n    # print error to STDERR\n    echo \"error: The sandbox is not in sync with the Podfile.lock. Run 'pod install' or update your CocoaPods installation.\" >&2\n    exit 1\nfi\n# This output is used by Xcode 'outputs' to avoid re-running this script phase.\necho \"SUCCESS\" > \"${SCRIPT_OUTPUT_FILE_0}\"\n";
			showEnvVarsInLog = 0;
		};
		427564CA243CEBE20084DB39 /* Swiftlint Run Script */ = {
			isa = PBXShellScriptBuildPhase;
			buildActionMask = 2147483647;
			files = (
			);
			inputFileListPaths = (
			);
			inputPaths = (
			);
			name = "Swiftlint Run Script";
			outputFileListPaths = (
			);
			outputPaths = (
			);
			runOnlyForDeploymentPostprocessing = 0;
			shellPath = /bin/sh;
			shellScript = "\"${PODS_ROOT}/SwiftLint/swiftlint\"\n";
		};
		427564CB243CEBFC0084DB39 /* Bump Up Build Number Script */ = {
			isa = PBXShellScriptBuildPhase;
			buildActionMask = 2147483647;
			files = (
			);
			inputFileListPaths = (
			);
			inputPaths = (
			);
			name = "Bump Up Build Number Script";
			outputFileListPaths = (
			);
			outputPaths = (
			);
			runOnlyForDeploymentPostprocessing = 0;
			shellPath = /bin/sh;
			shellScript = "BUILDNUM=$(/usr/libexec/PlistBuddy -c \"Print CFBundleVersion\" \"${PROJECT_DIR}/${INFOPLIST_FILE}\")\nNEWBUILDNUM=$(($BUILDNUM + 1))\nNEWBUILDNUMSTRING=`echo $NEWBUILDNUM`\n/usr/libexec/PlistBuddy -c \"Set :CFBundleVersion $NEWBUILDNUMSTRING\" \"${PROJECT_DIR}/${INFOPLIST_FILE}\"\n\n";
		};
		827F1CCA570C7C6B038BA8E8 /* [CP] Embed Pods Frameworks */ = {
			isa = PBXShellScriptBuildPhase;
			buildActionMask = 2147483647;
			files = (
			);
			inputFileListPaths = (
				"${PODS_ROOT}/Target Support Files/Pods-SimpleWeather/Pods-SimpleWeather-frameworks-${CONFIGURATION}-input-files.xcfilelist",
			);
			name = "[CP] Embed Pods Frameworks";
			outputFileListPaths = (
				"${PODS_ROOT}/Target Support Files/Pods-SimpleWeather/Pods-SimpleWeather-frameworks-${CONFIGURATION}-output-files.xcfilelist",
			);
			runOnlyForDeploymentPostprocessing = 0;
			shellPath = /bin/sh;
			shellScript = "\"${PODS_ROOT}/Target Support Files/Pods-SimpleWeather/Pods-SimpleWeather-frameworks.sh\"\n";
			showEnvVarsInLog = 0;
		};
/* End PBXShellScriptBuildPhase section */

/* Begin PBXSourcesBuildPhase section */
		427564A0243C844B0084DB39 /* Sources */ = {
			isa = PBXSourcesBuildPhase;
			buildActionMask = 2147483647;
			files = (
				427564C9243CD6310084DB39 /* SWViewController.swift in Sources */,
				427564A8243C844B0084DB39 /* AppDelegate.swift in Sources */,
				427564AA243C844B0084DB39 /* SceneDelegate.swift in Sources */,
				427564CE243CEE880084DB39 /* SWViewControllerCollectionViewCell.swift in Sources */,
			);
			runOnlyForDeploymentPostprocessing = 0;
		};
		427564B6243C844E0084DB39 /* Sources */ = {
			isa = PBXSourcesBuildPhase;
			buildActionMask = 2147483647;
			files = (
				427564BF243C844E0084DB39 /* SimpleWeatherTests.swift in Sources */,
			);
			runOnlyForDeploymentPostprocessing = 0;
		};
/* End PBXSourcesBuildPhase section */

/* Begin PBXTargetDependency section */
		427564BC243C844E0084DB39 /* PBXTargetDependency */ = {
			isa = PBXTargetDependency;
			target = 427564A3243C844B0084DB39 /* SimpleWeather */;
			targetProxy = 427564BB243C844E0084DB39 /* PBXContainerItemProxy */;
		};
/* End PBXTargetDependency section */

/* Begin PBXVariantGroup section */
		427564B2243C844D0084DB39 /* LaunchScreen.storyboard */ = {
			isa = PBXVariantGroup;
			children = (
				427564B3243C844D0084DB39 /* Base */,
			);
			name = LaunchScreen.storyboard;
			sourceTree = "<group>";
		};
/* End PBXVariantGroup section */

/* Begin XCBuildConfiguration section */
		427564C1243C844E0084DB39 /* Debug */ = {
			isa = XCBuildConfiguration;
			buildSettings = {
				ALWAYS_SEARCH_USER_PATHS = NO;
				CLANG_ANALYZER_NONNULL = YES;
				CLANG_ANALYZER_NUMBER_OBJECT_CONVERSION = YES_AGGRESSIVE;
				CLANG_CXX_LANGUAGE_STANDARD = "gnu++14";
				CLANG_CXX_LIBRARY = "libc++";
				CLANG_ENABLE_MODULES = YES;
				CLANG_ENABLE_OBJC_ARC = YES;
				CLANG_ENABLE_OBJC_WEAK = YES;
				CLANG_WARN_BLOCK_CAPTURE_AUTORELEASING = YES;
				CLANG_WARN_BOOL_CONVERSION = YES;
				CLANG_WARN_COMMA = YES;
				CLANG_WARN_CONSTANT_CONVERSION = YES;
				CLANG_WARN_DEPRECATED_OBJC_IMPLEMENTATIONS = YES;
				CLANG_WARN_DIRECT_OBJC_ISA_USAGE = YES_ERROR;
				CLANG_WARN_DOCUMENTATION_COMMENTS = YES;
				CLANG_WARN_EMPTY_BODY = YES;
				CLANG_WARN_ENUM_CONVERSION = YES;
				CLANG_WARN_INFINITE_RECURSION = YES;
				CLANG_WARN_INT_CONVERSION = YES;
				CLANG_WARN_NON_LITERAL_NULL_CONVERSION = YES;
				CLANG_WARN_OBJC_IMPLICIT_RETAIN_SELF = YES;
				CLANG_WARN_OBJC_LITERAL_CONVERSION = YES;
				CLANG_WARN_OBJC_ROOT_CLASS = YES_ERROR;
				CLANG_WARN_RANGE_LOOP_ANALYSIS = YES;
				CLANG_WARN_STRICT_PROTOTYPES = YES;
				CLANG_WARN_SUSPICIOUS_MOVE = YES;
				CLANG_WARN_UNGUARDED_AVAILABILITY = YES_AGGRESSIVE;
				CLANG_WARN_UNREACHABLE_CODE = YES;
				CLANG_WARN__DUPLICATE_METHOD_MATCH = YES;
				COPY_PHASE_STRIP = NO;
				DEBUG_INFORMATION_FORMAT = dwarf;
				ENABLE_STRICT_OBJC_MSGSEND = YES;
				ENABLE_TESTABILITY = YES;
				GCC_C_LANGUAGE_STANDARD = gnu11;
				GCC_DYNAMIC_NO_PIC = NO;
				GCC_NO_COMMON_BLOCKS = YES;
				GCC_OPTIMIZATION_LEVEL = 0;
				GCC_PREPROCESSOR_DEFINITIONS = (
					"DEBUG=1",
					"$(inherited)",
				);
				GCC_WARN_64_TO_32_BIT_CONVERSION = YES;
				GCC_WARN_ABOUT_RETURN_TYPE = YES_ERROR;
				GCC_WARN_UNDECLARED_SELECTOR = YES;
				GCC_WARN_UNINITIALIZED_AUTOS = YES_AGGRESSIVE;
				GCC_WARN_UNUSED_FUNCTION = YES;
				GCC_WARN_UNUSED_VARIABLE = YES;
				IPHONEOS_DEPLOYMENT_TARGET = 8.0;
				MTL_ENABLE_DEBUG_INFO = INCLUDE_SOURCE;
				MTL_FAST_MATH = YES;
				ONLY_ACTIVE_ARCH = YES;
				SDKROOT = iphoneos;
				SWIFT_ACTIVE_COMPILATION_CONDITIONS = DEBUG;
				SWIFT_OPTIMIZATION_LEVEL = "-Onone";
			};
			name = Debug;
		};
		427564C2243C844E0084DB39 /* Release */ = {
			isa = XCBuildConfiguration;
			buildSettings = {
				ALWAYS_SEARCH_USER_PATHS = NO;
				CLANG_ANALYZER_NONNULL = YES;
				CLANG_ANALYZER_NUMBER_OBJECT_CONVERSION = YES_AGGRESSIVE;
				CLANG_CXX_LANGUAGE_STANDARD = "gnu++14";
				CLANG_CXX_LIBRARY = "libc++";
				CLANG_ENABLE_MODULES = YES;
				CLANG_ENABLE_OBJC_ARC = YES;
				CLANG_ENABLE_OBJC_WEAK = YES;
				CLANG_WARN_BLOCK_CAPTURE_AUTORELEASING = YES;
				CLANG_WARN_BOOL_CONVERSION = YES;
				CLANG_WARN_COMMA = YES;
				CLANG_WARN_CONSTANT_CONVERSION = YES;
				CLANG_WARN_DEPRECATED_OBJC_IMPLEMENTATIONS = YES;
				CLANG_WARN_DIRECT_OBJC_ISA_USAGE = YES_ERROR;
				CLANG_WARN_DOCUMENTATION_COMMENTS = YES;
				CLANG_WARN_EMPTY_BODY = YES;
				CLANG_WARN_ENUM_CONVERSION = YES;
				CLANG_WARN_INFINITE_RECURSION = YES;
				CLANG_WARN_INT_CONVERSION = YES;
				CLANG_WARN_NON_LITERAL_NULL_CONVERSION = YES;
				CLANG_WARN_OBJC_IMPLICIT_RETAIN_SELF = YES;
				CLANG_WARN_OBJC_LITERAL_CONVERSION = YES;
				CLANG_WARN_OBJC_ROOT_CLASS = YES_ERROR;
				CLANG_WARN_RANGE_LOOP_ANALYSIS = YES;
				CLANG_WARN_STRICT_PROTOTYPES = YES;
				CLANG_WARN_SUSPICIOUS_MOVE = YES;
				CLANG_WARN_UNGUARDED_AVAILABILITY = YES_AGGRESSIVE;
				CLANG_WARN_UNREACHABLE_CODE = YES;
				CLANG_WARN__DUPLICATE_METHOD_MATCH = YES;
				COPY_PHASE_STRIP = NO;
				DEBUG_INFORMATION_FORMAT = "dwarf-with-dsym";
				ENABLE_NS_ASSERTIONS = NO;
				ENABLE_STRICT_OBJC_MSGSEND = YES;
				GCC_C_LANGUAGE_STANDARD = gnu11;
				GCC_NO_COMMON_BLOCKS = YES;
				GCC_WARN_64_TO_32_BIT_CONVERSION = YES;
				GCC_WARN_ABOUT_RETURN_TYPE = YES_ERROR;
				GCC_WARN_UNDECLARED_SELECTOR = YES;
				GCC_WARN_UNINITIALIZED_AUTOS = YES_AGGRESSIVE;
				GCC_WARN_UNUSED_FUNCTION = YES;
				GCC_WARN_UNUSED_VARIABLE = YES;
				IPHONEOS_DEPLOYMENT_TARGET = 8.0;
				MTL_ENABLE_DEBUG_INFO = NO;
				MTL_FAST_MATH = YES;
				SDKROOT = iphoneos;
				SWIFT_COMPILATION_MODE = wholemodule;
				SWIFT_OPTIMIZATION_LEVEL = "-O";
				VALIDATE_PRODUCT = YES;
			};
			name = Release;
		};
		427564C4243C844E0084DB39 /* Debug */ = {
			isa = XCBuildConfiguration;
			baseConfigurationReference = EE5F67B9C9C0D44AA498720E /* Pods-SimpleWeather.debug.xcconfig */;
			buildSettings = {
				ASSETCATALOG_COMPILER_APPICON_NAME = AppIcon;
				CODE_SIGN_STYLE = Automatic;
				DEVELOPMENT_TEAM = 672G34E675;
				INFOPLIST_FILE = SimpleWeather/Info.plist;
				IPHONEOS_DEPLOYMENT_TARGET = 8.0;
				LD_RUNPATH_SEARCH_PATHS = (
					"$(inherited)",
					"@executable_path/Frameworks",
				);
				PRODUCT_BUNDLE_IDENTIFIER = com.luthfifr.SimpleWeather;
				PRODUCT_NAME = "$(TARGET_NAME)";
				SWIFT_VERSION = 5.0;
				TARGETED_DEVICE_FAMILY = "1,2";
			};
			name = Debug;
		};
		427564C5243C844E0084DB39 /* Release */ = {
			isa = XCBuildConfiguration;
			baseConfigurationReference = D87BC3232ADAE328A383C741 /* Pods-SimpleWeather.release.xcconfig */;
			buildSettings = {
				ASSETCATALOG_COMPILER_APPICON_NAME = AppIcon;
				CODE_SIGN_STYLE = Automatic;
				DEVELOPMENT_TEAM = 672G34E675;
				INFOPLIST_FILE = SimpleWeather/Info.plist;
				IPHONEOS_DEPLOYMENT_TARGET = 8.0;
				LD_RUNPATH_SEARCH_PATHS = (
					"$(inherited)",
					"@executable_path/Frameworks",
				);
				PRODUCT_BUNDLE_IDENTIFIER = com.luthfifr.SimpleWeather;
				PRODUCT_NAME = "$(TARGET_NAME)";
				SWIFT_VERSION = 5.0;
				TARGETED_DEVICE_FAMILY = "1,2";
			};
			name = Release;
		};
		427564C7243C844E0084DB39 /* Debug */ = {
			isa = XCBuildConfiguration;
			baseConfigurationReference = C34AC465428C5298255BC54A /* Pods-SimpleWeatherTests.debug.xcconfig */;
			buildSettings = {
				ALWAYS_EMBED_SWIFT_STANDARD_LIBRARIES = YES;
				BUNDLE_LOADER = "$(TEST_HOST)";
				CODE_SIGN_STYLE = Automatic;
				DEVELOPMENT_TEAM = 672G34E675;
				INFOPLIST_FILE = SimpleWeatherTests/Info.plist;
				IPHONEOS_DEPLOYMENT_TARGET = 13.2;
				LD_RUNPATH_SEARCH_PATHS = (
					"$(inherited)",
					"@executable_path/Frameworks",
					"@loader_path/Frameworks",
				);
				PRODUCT_BUNDLE_IDENTIFIER = com.luthfifr.SimpleWeatherTests;
				PRODUCT_NAME = "$(TARGET_NAME)";
				SWIFT_VERSION = 5.0;
				TARGETED_DEVICE_FAMILY = "1,2";
				TEST_HOST = "$(BUILT_PRODUCTS_DIR)/SimpleWeather.app/SimpleWeather";
			};
			name = Debug;
		};
		427564C8243C844E0084DB39 /* Release */ = {
			isa = XCBuildConfiguration;
			baseConfigurationReference = 12C7A8F4BC2464D68F1B15A8 /* Pods-SimpleWeatherTests.release.xcconfig */;
			buildSettings = {
				ALWAYS_EMBED_SWIFT_STANDARD_LIBRARIES = YES;
				BUNDLE_LOADER = "$(TEST_HOST)";
				CODE_SIGN_STYLE = Automatic;
				DEVELOPMENT_TEAM = 672G34E675;
				INFOPLIST_FILE = SimpleWeatherTests/Info.plist;
				IPHONEOS_DEPLOYMENT_TARGET = 13.2;
				LD_RUNPATH_SEARCH_PATHS = (
					"$(inherited)",
					"@executable_path/Frameworks",
					"@loader_path/Frameworks",
				);
				PRODUCT_BUNDLE_IDENTIFIER = com.luthfifr.SimpleWeatherTests;
				PRODUCT_NAME = "$(TARGET_NAME)";
				SWIFT_VERSION = 5.0;
				TARGETED_DEVICE_FAMILY = "1,2";
				TEST_HOST = "$(BUILT_PRODUCTS_DIR)/SimpleWeather.app/SimpleWeather";
			};
			name = Release;
		};
/* End XCBuildConfiguration section */

/* Begin XCConfigurationList section */
		4275649F243C844B0084DB39 /* Build configuration list for PBXProject "SimpleWeather" */ = {
			isa = XCConfigurationList;
			buildConfigurations = (
				427564C1243C844E0084DB39 /* Debug */,
				427564C2243C844E0084DB39 /* Release */,
			);
			defaultConfigurationIsVisible = 0;
			defaultConfigurationName = Release;
		};
		427564C3243C844E0084DB39 /* Build configuration list for PBXNativeTarget "SimpleWeather" */ = {
			isa = XCConfigurationList;
			buildConfigurations = (
				427564C4243C844E0084DB39 /* Debug */,
				427564C5243C844E0084DB39 /* Release */,
			);
			defaultConfigurationIsVisible = 0;
			defaultConfigurationName = Release;
		};
		427564C6243C844E0084DB39 /* Build configuration list for PBXNativeTarget "SimpleWeatherTests" */ = {
			isa = XCConfigurationList;
			buildConfigurations = (
				427564C7243C844E0084DB39 /* Debug */,
				427564C8243C844E0084DB39 /* Release */,
			);
			defaultConfigurationIsVisible = 0;
			defaultConfigurationName = Release;
		};
/* End XCConfigurationList section */
	};
	rootObject = 4275649C243C844B0084DB39 /* Project object */;
}
